
Microsoft Visual Studio Solution File, Format Version 12.00
# Visual Studio 15
VisualStudioVersion = 15.0.26730.16
MinimumVisualStudioVersion = 10.0.40219.1
Project("{FAE04EC0-301F-11D3-BF4B-00C04F79EFBC}") = "TwoTalonDriveTrain", "TwoTalonDriveTrain.csproj", "{EEFF7C94-0E71-4EE8-A456-CA8C5385EAF1}"
EndProject
Global
	GlobalSection(SolutionConfigurationPlatforms) = preSolution
		Debug|Any CPU = Debug|Any CPU
		Release|Any CPU = Release|Any CPU
	EndGlobalSection
	GlobalSection(ProjectConfigurationPlatforms) = postSolution
		{EEFF7C94-0E71-4EE8-A456-CA8C5385EAF1}.Debug|Any CPU.ActiveCfg = Debug|Any CPU
		{EEFF7C94-0E71-4EE8-A456-CA8C5385EAF1}.Debug|Any CPU.Build.0 = Debug|Any CPU
		{EEFF7C94-0E71-4EE8-A456-CA8C5385EAF1}.Debug|Any CPU.Deploy.0 = Debug|Any CPU
		{EEFF7C94-0E71-4EE8-A456-CA8C5385EAF1}.Release|Any CPU.ActiveCfg = Release|Any CPU
		{EEFF7C94-0E71-4EE8-A456-CA8C5385EAF1}.Release|Any CPU.Build.0 = Release|Any CPU
		{EEFF7C94-0E71-4EE8-A456-CA8C5385EAF1}.Release|Any CPU.Deploy.0 = Release|Any CPU
	EndGlobalSection
	GlobalSection(SolutionProperties) = preSolution
		HideSolutionNode = FALSE
	EndGlobalSection
	GlobalSection(ExtensibilityGlobals) = postSolution
		SolutionGuid = {B20827A6-89E0-4D9B-A105-4A3FE03DA2BF}
	EndGlobalSection
EndGlobal
