
Microsoft Visual Studio Solution File, Format Version 12.00
# Visual Studio 15
VisualStudioVersion = 15.0.27703.2000
MinimumVisualStudioVersion = 10.0.40219.1
Project("{FAE04EC0-301F-11D3-BF4B-00C04F79EFBC}") = "GeneralWifiTest", "GeneralWifiTest.csproj", "{97360EE0-19D9-4DFA-8EEB-B4027DCA345E}"
EndProject
Global
	GlobalSection(SolutionConfigurationPlatforms) = preSolution
		Debug|Any CPU = Debug|Any CPU
		Release|Any CPU = Release|Any CPU
	EndGlobalSection
	GlobalSection(ProjectConfigurationPlatforms) = postSolution
		{97360EE0-19D9-4DFA-8EEB-B4027DCA345E}.Debug|Any CPU.ActiveCfg = Debug|Any CPU
		{97360EE0-19D9-4DFA-8EEB-B4027DCA345E}.Debug|Any CPU.Build.0 = Debug|Any CPU
		{97360EE0-19D9-4DFA-8EEB-B4027DCA345E}.Debug|Any CPU.Deploy.0 = Debug|Any CPU
		{97360EE0-19D9-4DFA-8EEB-B4027DCA345E}.Release|Any CPU.ActiveCfg = Release|Any CPU
		{97360EE0-19D9-4DFA-8EEB-B4027DCA345E}.Release|Any CPU.Build.0 = Release|Any CPU
		{97360EE0-19D9-4DFA-8EEB-B4027DCA345E}.Release|Any CPU.Deploy.0 = Release|Any CPU
	EndGlobalSection
	GlobalSection(SolutionProperties) = preSolution
		HideSolutionNode = FALSE
	EndGlobalSection
	GlobalSection(ExtensibilityGlobals) = postSolution
		SolutionGuid = {1C62CDD5-45BE-4255-95FB-2294D98447CB}
	EndGlobalSection
EndGlobal
